// !$*UTF8*$!
{
	archiveVersion = 1;
	classes = {
	};
	objectVersion = 55;
	objects = {

/* Begin PBXBuildFile section */
		C5443227279B9F2C0068A239 /* DroneView.swift in Sources */ = {isa = PBXBuildFile; fileRef = C5443226279B9F2B0068A239 /* DroneView.swift */; };
		C54531D227756F180041702C /* PlaySounds.swift in Sources */ = {isa = PBXBuildFile; fileRef = C54531D127756F180041702C /* PlaySounds.swift */; };
		C545322327796F830041702C /* Cello-3-G#|Ab.mp3 in Resources */ = {isa = PBXBuildFile; fileRef = C54531FF27796F810041702C /* Cello-3-G#|Ab.mp3 */; };
		C545322427796F830041702C /* Cello-1-F#|Gb.mp3 in Resources */ = {isa = PBXBuildFile; fileRef = C545320027796F810041702C /* Cello-1-F#|Gb.mp3 */; };
		C545322527796F830041702C /* Cello-3-D.mp3 in Resources */ = {isa = PBXBuildFile; fileRef = C545320127796F810041702C /* Cello-3-D.mp3 */; };
		C545322627796F830041702C /* Cello-2-A#|Bb.mp3 in Resources */ = {isa = PBXBuildFile; fileRef = C545320227796F820041702C /* Cello-2-A#|Bb.mp3 */; };
		C545322727796F830041702C /* Cello-3-A.mp3 in Resources */ = {isa = PBXBuildFile; fileRef = C545320327796F820041702C /* Cello-3-A.mp3 */; };
		C545322827796F830041702C /* Cello-1-A#|Bb.mp3 in Resources */ = {isa = PBXBuildFile; fileRef = C545320427796F820041702C /* Cello-1-A#|Bb.mp3 */; };
		C545322927796F830041702C /* Cello-1-C.mp3 in Resources */ = {isa = PBXBuildFile; fileRef = C545320527796F820041702C /* Cello-1-C.mp3 */; };
		C545322A27796F830041702C /* Cello-1-E.mp3 in Resources */ = {isa = PBXBuildFile; fileRef = C545320627796F820041702C /* Cello-1-E.mp3 */; };
		C545322B27796F830041702C /* Cello-1-F.mp3 in Resources */ = {isa = PBXBuildFile; fileRef = C545320727796F820041702C /* Cello-1-F.mp3 */; };
		C545322C27796F830041702C /* Cello-1-D.mp3 in Resources */ = {isa = PBXBuildFile; fileRef = C545320827796F820041702C /* Cello-1-D.mp3 */; };
		C545322D27796F830041702C /* Cello-3-C.mp3 in Resources */ = {isa = PBXBuildFile; fileRef = C545320927796F820041702C /* Cello-3-C.mp3 */; };
		C545322E27796F830041702C /* Cello-1-G#|Ab.mp3 in Resources */ = {isa = PBXBuildFile; fileRef = C545320A27796F820041702C /* Cello-1-G#|Ab.mp3 */; };
		C545322F27796F830041702C /* Cello-2-C.mp3 in Resources */ = {isa = PBXBuildFile; fileRef = C545320B27796F820041702C /* Cello-2-C.mp3 */; };
		C545323027796F830041702C /* Cello-1-B.mp3 in Resources */ = {isa = PBXBuildFile; fileRef = C545320C27796F820041702C /* Cello-1-B.mp3 */; };
		C545323127796F830041702C /* Cello-2-F#|Gb.mp3 in Resources */ = {isa = PBXBuildFile; fileRef = C545320D27796F820041702C /* Cello-2-F#|Gb.mp3 */; };
		C545323227796F830041702C /* Cello-2-B.mp3 in Resources */ = {isa = PBXBuildFile; fileRef = C545320E27796F820041702C /* Cello-2-B.mp3 */; };
		C545323327796F830041702C /* Cello-2-F.mp3 in Resources */ = {isa = PBXBuildFile; fileRef = C545320F27796F820041702C /* Cello-2-F.mp3 */; };
		C545323427796F830041702C /* Cello-3-F.mp3 in Resources */ = {isa = PBXBuildFile; fileRef = C545321027796F820041702C /* Cello-3-F.mp3 */; };
		C545323527796F830041702C /* Cello-2-G#|Ab.mp3 in Resources */ = {isa = PBXBuildFile; fileRef = C545321127796F820041702C /* Cello-2-G#|Ab.mp3 */; };
		C545323627796F830041702C /* Cello-3-E.mp3 in Resources */ = {isa = PBXBuildFile; fileRef = C545321227796F820041702C /* Cello-3-E.mp3 */; };
		C545323727796F830041702C /* Cello-3-A#|Bb.mp3 in Resources */ = {isa = PBXBuildFile; fileRef = C545321327796F820041702C /* Cello-3-A#|Bb.mp3 */; };
		C545323827796F830041702C /* Cello-2-C#|Db.mp3 in Resources */ = {isa = PBXBuildFile; fileRef = C545321427796F820041702C /* Cello-2-C#|Db.mp3 */; };
		C545323927796F830041702C /* Cello-2-A.mp3 in Resources */ = {isa = PBXBuildFile; fileRef = C545321527796F820041702C /* Cello-2-A.mp3 */; };
		C545323A27796F830041702C /* Cello-1-D#|Eb.mp3 in Resources */ = {isa = PBXBuildFile; fileRef = C545321627796F820041702C /* Cello-1-D#|Eb.mp3 */; };
		C545323B27796F830041702C /* Cello-3-D#|Eb.mp3 in Resources */ = {isa = PBXBuildFile; fileRef = C545321727796F820041702C /* Cello-3-D#|Eb.mp3 */; };
		C545323C27796F830041702C /* Cello-2-E.mp3 in Resources */ = {isa = PBXBuildFile; fileRef = C545321827796F820041702C /* Cello-2-E.mp3 */; };
		C545323D27796F830041702C /* Cello-3-C#|Db.mp3 in Resources */ = {isa = PBXBuildFile; fileRef = C545321927796F820041702C /* Cello-3-C#|Db.mp3 */; };
		C545323E27796F830041702C /* Cello-3-G.mp3 in Resources */ = {isa = PBXBuildFile; fileRef = C545321A27796F820041702C /* Cello-3-G.mp3 */; };
		C545323F27796F830041702C /* Cello-1-C#|Db.mp3 in Resources */ = {isa = PBXBuildFile; fileRef = C545321B27796F820041702C /* Cello-1-C#|Db.mp3 */; };
		C545324027796F830041702C /* Cello-1-G.mp3 in Resources */ = {isa = PBXBuildFile; fileRef = C545321C27796F820041702C /* Cello-1-G.mp3 */; };
		C545324127796F830041702C /* Cello-2-D#|Eb.mp3 in Resources */ = {isa = PBXBuildFile; fileRef = C545321D27796F820041702C /* Cello-2-D#|Eb.mp3 */; };
		C545324227796F830041702C /* Cello-2-D.mp3 in Resources */ = {isa = PBXBuildFile; fileRef = C545321E27796F820041702C /* Cello-2-D.mp3 */; };
		C545324327796F830041702C /* Cello-1-A.mp3 in Resources */ = {isa = PBXBuildFile; fileRef = C545321F27796F830041702C /* Cello-1-A.mp3 */; };
		C545324427796F830041702C /* Cello-3-B.mp3 in Resources */ = {isa = PBXBuildFile; fileRef = C545322027796F830041702C /* Cello-3-B.mp3 */; };
		C545324527796F830041702C /* Cello-3-F#|Gb.mp3 in Resources */ = {isa = PBXBuildFile; fileRef = C545322127796F830041702C /* Cello-3-F#|Gb.mp3 */; };
		C545324627796F830041702C /* Cello-2-G.mp3 in Resources */ = {isa = PBXBuildFile; fileRef = C545322227796F830041702C /* Cello-2-G.mp3 */; };
		C54532F12779B73D0041702C /* SettingsView.swift in Sources */ = {isa = PBXBuildFile; fileRef = C54532F02779B73D0041702C /* SettingsView.swift */; };
		C545330F277E866C0041702C /* FileReaderAndWriter.swift in Sources */ = {isa = PBXBuildFile; fileRef = C545330E277E866C0041702C /* FileReaderAndWriter.swift */; };
		C54827BA277EE78800A5E0CD /* Cello-Drone-C.mp3 in Resources */ = {isa = PBXBuildFile; fileRef = C54827AE277EE78800A5E0CD /* Cello-Drone-C.mp3 */; };
		C54827BB277EE78800A5E0CD /* Cello-Drone-G.mp3 in Resources */ = {isa = PBXBuildFile; fileRef = C54827AF277EE78800A5E0CD /* Cello-Drone-G.mp3 */; };
		C54827BC277EE78800A5E0CD /* Cello-Drone-A.mp3 in Resources */ = {isa = PBXBuildFile; fileRef = C54827B0277EE78800A5E0CD /* Cello-Drone-A.mp3 */; };
		C54827BD277EE78800A5E0CD /* Cello-Drone-G#|Ab.mp3 in Resources */ = {isa = PBXBuildFile; fileRef = C54827B1277EE78800A5E0CD /* Cello-Drone-G#|Ab.mp3 */; };
		C54827BE277EE78800A5E0CD /* Cello-Drone-D#|Eb.mp3 in Resources */ = {isa = PBXBuildFile; fileRef = C54827B2277EE78800A5E0CD /* Cello-Drone-D#|Eb.mp3 */; };
		C54827BF277EE78800A5E0CD /* Cello-Drone-C#|Db.mp3 in Resources */ = {isa = PBXBuildFile; fileRef = C54827B3277EE78800A5E0CD /* Cello-Drone-C#|Db.mp3 */; };
		C54827C0277EE78800A5E0CD /* Cello-Drone-D.mp3 in Resources */ = {isa = PBXBuildFile; fileRef = C54827B4277EE78800A5E0CD /* Cello-Drone-D.mp3 */; };
		C54827C1277EE78800A5E0CD /* Cello-Drone-B.mp3 in Resources */ = {isa = PBXBuildFile; fileRef = C54827B5277EE78800A5E0CD /* Cello-Drone-B.mp3 */; };
		C54827C2277EE78800A5E0CD /* Cello-Drone-A#|Bb.mp3 in Resources */ = {isa = PBXBuildFile; fileRef = C54827B6277EE78800A5E0CD /* Cello-Drone-A#|Bb.mp3 */; };
		C54827C3277EE78800A5E0CD /* Cello-Drone-E.mp3 in Resources */ = {isa = PBXBuildFile; fileRef = C54827B7277EE78800A5E0CD /* Cello-Drone-E.mp3 */; };
		C54827C4277EE78800A5E0CD /* Cello-Drone-F.mp3 in Resources */ = {isa = PBXBuildFile; fileRef = C54827B8277EE78800A5E0CD /* Cello-Drone-F.mp3 */; };
		C54827C5277EE78800A5E0CD /* Cello-Drone-F#|Gb.mp3 in Resources */ = {isa = PBXBuildFile; fileRef = C54827B9277EE78800A5E0CD /* Cello-Drone-F#|Gb.mp3 */; };
		C574FE76276886B700ADD3B3 /* ScaleHeroApp.swift in Sources */ = {isa = PBXBuildFile; fileRef = C574FE75276886B700ADD3B3 /* ScaleHeroApp.swift */; };
		C574FE78276886B700ADD3B3 /* ContentView.swift in Sources */ = {isa = PBXBuildFile; fileRef = C574FE77276886B700ADD3B3 /* ContentView.swift */; };
		C574FE7A276886BC00ADD3B3 /* Assets.xcassets in Resources */ = {isa = PBXBuildFile; fileRef = C574FE79276886BC00ADD3B3 /* Assets.xcassets */; };
		C574FE7D276886BC00ADD3B3 /* Preview Assets.xcassets in Resources */ = {isa = PBXBuildFile; fileRef = C574FE7C276886BC00ADD3B3 /* Preview Assets.xcassets */; };
		C574FE87276886BD00ADD3B3 /* ScaleHeroTests.swift in Sources */ = {isa = PBXBuildFile; fileRef = C574FE86276886BD00ADD3B3 /* ScaleHeroTests.swift */; };
		C574FE91276886BD00ADD3B3 /* ScaleHeroUITests.swift in Sources */ = {isa = PBXBuildFile; fileRef = C574FE90276886BD00ADD3B3 /* ScaleHeroUITests.swift */; };
		C574FE93276886BD00ADD3B3 /* ScaleHeroUITestsLaunchTests.swift in Sources */ = {isa = PBXBuildFile; fileRef = C574FE92276886BD00ADD3B3 /* ScaleHeroUITestsLaunchTests.swift */; };
		C574FEA02769BFE700ADD3B3 /* ScalesView.swift in Sources */ = {isa = PBXBuildFile; fileRef = C574FE9F2769BFE700ADD3B3 /* ScalesView.swift */; };
		C574FEA32769C00C00ADD3B3 /* SwiftySound in Frameworks */ = {isa = PBXBuildFile; productRef = C574FEA22769C00C00ADD3B3 /* SwiftySound */; };
		C574FEA62769C07300ADD3B3 /* small-loop.mp3 in Resources */ = {isa = PBXBuildFile; fileRef = C574FEA52769C07300ADD3B3 /* small-loop.mp3 */; };
		C574FEA92769CFDF00ADD3B3 /* ArpeggioView.swift in Sources */ = {isa = PBXBuildFile; fileRef = C574FEA82769CFDF00ADD3B3 /* ArpeggioView.swift */; };
		C574FEE1276B0AE000ADD3B3 /* SoundView.swift in Sources */ = {isa = PBXBuildFile; fileRef = C574FEE0276B0AE000ADD3B3 /* SoundView.swift */; };
		C574FF2927731F1100ADD3B3 /* JTest-1-G#|Ab.mp3 in Resources */ = {isa = PBXBuildFile; fileRef = C574FF1927731F1000ADD3B3 /* JTest-1-G#|Ab.mp3 */; };
		C574FF2A27731F1100ADD3B3 /* JTest-2-A.mp3 in Resources */ = {isa = PBXBuildFile; fileRef = C574FF1A27731F1000ADD3B3 /* JTest-2-A.mp3 */; };
		C574FF2B27731F1100ADD3B3 /* JTest-1-C.mp3 in Resources */ = {isa = PBXBuildFile; fileRef = C574FF1B27731F1000ADD3B3 /* JTest-1-C.mp3 */; };
		C574FF2C27731F1100ADD3B3 /* JTest-2-C.mp3 in Resources */ = {isa = PBXBuildFile; fileRef = C574FF1C27731F1100ADD3B3 /* JTest-2-C.mp3 */; };
		C574FF2D27731F1100ADD3B3 /* JTest-1-F.mp3 in Resources */ = {isa = PBXBuildFile; fileRef = C574FF1D27731F1100ADD3B3 /* JTest-1-F.mp3 */; };
		C574FF2E27731F1100ADD3B3 /* JTest-1-G.mp3 in Resources */ = {isa = PBXBuildFile; fileRef = C574FF1E27731F1100ADD3B3 /* JTest-1-G.mp3 */; };
		C574FF2F27731F1100ADD3B3 /* JTest-2-A#|Bb.mp3 in Resources */ = {isa = PBXBuildFile; fileRef = C574FF1F27731F1100ADD3B3 /* JTest-2-A#|Bb.mp3 */; };
		C574FF3027731F1100ADD3B3 /* JTest-1-F#|Gb.mp3 in Resources */ = {isa = PBXBuildFile; fileRef = C574FF2027731F1100ADD3B3 /* JTest-1-F#|Gb.mp3 */; };
		C574FF3127731F1200ADD3B3 /* JTest-1-B.mp3 in Resources */ = {isa = PBXBuildFile; fileRef = C574FF2127731F1100ADD3B3 /* JTest-1-B.mp3 */; };
		C574FF3227731F1200ADD3B3 /* JTest-1-D#|Eb.mp3 in Resources */ = {isa = PBXBuildFile; fileRef = C574FF2227731F1100ADD3B3 /* JTest-1-D#|Eb.mp3 */; };
		C574FF3327731F1200ADD3B3 /* JTest-1-A#|Bb.mp3 in Resources */ = {isa = PBXBuildFile; fileRef = C574FF2327731F1100ADD3B3 /* JTest-1-A#|Bb.mp3 */; };
		C574FF3427731F1200ADD3B3 /* JTest-1-C#|Db.mp3 in Resources */ = {isa = PBXBuildFile; fileRef = C574FF2427731F1100ADD3B3 /* JTest-1-C#|Db.mp3 */; };
		C574FF3527731F1200ADD3B3 /* JTest-1-D.mp3 in Resources */ = {isa = PBXBuildFile; fileRef = C574FF2527731F1100ADD3B3 /* JTest-1-D.mp3 */; };
		C574FF3627731F1200ADD3B3 /* JTest-1-A.mp3 in Resources */ = {isa = PBXBuildFile; fileRef = C574FF2627731F1100ADD3B3 /* JTest-1-A.mp3 */; };
		C574FF3727731F1200ADD3B3 /* JTest-1-E.mp3 in Resources */ = {isa = PBXBuildFile; fileRef = C574FF2727731F1100ADD3B3 /* JTest-1-E.mp3 */; };
		C574FF3827731F1200ADD3B3 /* JTest-2-B.mp3 in Resources */ = {isa = PBXBuildFile; fileRef = C574FF2827731F1100ADD3B3 /* JTest-2-B.mp3 */; };
		C574FF3B2773F48F00ADD3B3 /* WriteScales.swift in Sources */ = {isa = PBXBuildFile; fileRef = C574FF3A2773F48F00ADD3B3 /* WriteScales.swift */; };
		C58FE9F3278292B900075A4C /* SpecialView.swift in Sources */ = {isa = PBXBuildFile; fileRef = C58FE9F2278292B900075A4C /* SpecialView.swift */; };
		C597D97627964EF40086848D /* AbstractView.swift in Sources */ = {isa = PBXBuildFile; fileRef = C597D97527964EF40086848D /* AbstractView.swift */; };
		C5B03BDD278416EB00643E7C /* PlayingView.swift in Sources */ = {isa = PBXBuildFile; fileRef = C5B03BDC278416EB00643E7C /* PlayingView.swift */; };
		C5DBD5C1278078FF00DF5183 /* MainUIButtonView.swift in Sources */ = {isa = PBXBuildFile; fileRef = C5DBD5C0278078FF00DF5183 /* MainUIButtonView.swift */; };
		C5DBD5F227812A9E00DF5183 /* FileManager-DocumentsDirectory.swift in Sources */ = {isa = PBXBuildFile; fileRef = C5DBD5F127812A9E00DF5183 /* FileManager-DocumentsDirectory.swift */; };
		C5DBD5F427812B6100DF5183 /* Scale.swift in Sources */ = {isa = PBXBuildFile; fileRef = C5DBD5F327812B6100DF5183 /* Scale.swift */; };
/* End PBXBuildFile section */

/* Begin PBXContainerItemProxy section */
		C574FE83276886BD00ADD3B3 /* PBXContainerItemProxy */ = {
			isa = PBXContainerItemProxy;
			containerPortal = C574FE6A276886B700ADD3B3 /* Project object */;
			proxyType = 1;
			remoteGlobalIDString = C574FE71276886B700ADD3B3;
			remoteInfo = ScaleHero;
		};
		C574FE8D276886BD00ADD3B3 /* PBXContainerItemProxy */ = {
			isa = PBXContainerItemProxy;
			containerPortal = C574FE6A276886B700ADD3B3 /* Project object */;
			proxyType = 1;
			remoteGlobalIDString = C574FE71276886B700ADD3B3;
			remoteInfo = ScaleHero;
		};
/* End PBXContainerItemProxy section */

/* Begin PBXFileReference section */
		C51BFE87279A8BF3001BF9A3 /* Info.plist */ = {isa = PBXFileReference; lastKnownFileType = text.plist; path = Info.plist; sourceTree = "<group>"; };
		C5443226279B9F2B0068A239 /* DroneView.swift */ = {isa = PBXFileReference; lastKnownFileType = sourcecode.swift; path = DroneView.swift; sourceTree = "<group>"; };
		C54531D127756F180041702C /* PlaySounds.swift */ = {isa = PBXFileReference; lastKnownFileType = sourcecode.swift; path = PlaySounds.swift; sourceTree = "<group>"; };
		C54531FF27796F810041702C /* Cello-3-G#|Ab.mp3 */ = {isa = PBXFileReference; lastKnownFileType = audio.mp3; name = "Cello-3-G#|Ab.mp3"; path = "../../../Cello Testing notes mp3/Cello-3-G#|Ab.mp3"; sourceTree = "<group>"; };
		C545320027796F810041702C /* Cello-1-F#|Gb.mp3 */ = {isa = PBXFileReference; lastKnownFileType = audio.mp3; name = "Cello-1-F#|Gb.mp3"; path = "../../../Cello Testing notes mp3/Cello-1-F#|Gb.mp3"; sourceTree = "<group>"; };
		C545320127796F810041702C /* Cello-3-D.mp3 */ = {isa = PBXFileReference; lastKnownFileType = audio.mp3; name = "Cello-3-D.mp3"; path = "../../../Cello Testing notes mp3/Cello-3-D.mp3"; sourceTree = "<group>"; };
		C545320227796F820041702C /* Cello-2-A#|Bb.mp3 */ = {isa = PBXFileReference; lastKnownFileType = audio.mp3; name = "Cello-2-A#|Bb.mp3"; path = "../../../Cello Testing notes mp3/Cello-2-A#|Bb.mp3"; sourceTree = "<group>"; };
		C545320327796F820041702C /* Cello-3-A.mp3 */ = {isa = PBXFileReference; lastKnownFileType = audio.mp3; name = "Cello-3-A.mp3"; path = "../../../Cello Testing notes mp3/Cello-3-A.mp3"; sourceTree = "<group>"; };
		C545320427796F820041702C /* Cello-1-A#|Bb.mp3 */ = {isa = PBXFileReference; lastKnownFileType = audio.mp3; name = "Cello-1-A#|Bb.mp3"; path = "../../../Cello Testing notes mp3/Cello-1-A#|Bb.mp3"; sourceTree = "<group>"; };
		C545320527796F820041702C /* Cello-1-C.mp3 */ = {isa = PBXFileReference; lastKnownFileType = audio.mp3; name = "Cello-1-C.mp3"; path = "../../../Cello Testing notes mp3/Cello-1-C.mp3"; sourceTree = "<group>"; };
		C545320627796F820041702C /* Cello-1-E.mp3 */ = {isa = PBXFileReference; lastKnownFileType = audio.mp3; name = "Cello-1-E.mp3"; path = "../../../Cello Testing notes mp3/Cello-1-E.mp3"; sourceTree = "<group>"; };
		C545320727796F820041702C /* Cello-1-F.mp3 */ = {isa = PBXFileReference; lastKnownFileType = audio.mp3; name = "Cello-1-F.mp3"; path = "../../../Cello Testing notes mp3/Cello-1-F.mp3"; sourceTree = "<group>"; };
		C545320827796F820041702C /* Cello-1-D.mp3 */ = {isa = PBXFileReference; lastKnownFileType = audio.mp3; name = "Cello-1-D.mp3"; path = "../../../Cello Testing notes mp3/Cello-1-D.mp3"; sourceTree = "<group>"; };
		C545320927796F820041702C /* Cello-3-C.mp3 */ = {isa = PBXFileReference; lastKnownFileType = audio.mp3; name = "Cello-3-C.mp3"; path = "../../../Cello Testing notes mp3/Cello-3-C.mp3"; sourceTree = "<group>"; };
		C545320A27796F820041702C /* Cello-1-G#|Ab.mp3 */ = {isa = PBXFileReference; lastKnownFileType = audio.mp3; name = "Cello-1-G#|Ab.mp3"; path = "../../../Cello Testing notes mp3/Cello-1-G#|Ab.mp3"; sourceTree = "<group>"; };
		C545320B27796F820041702C /* Cello-2-C.mp3 */ = {isa = PBXFileReference; lastKnownFileType = audio.mp3; name = "Cello-2-C.mp3"; path = "../../../Cello Testing notes mp3/Cello-2-C.mp3"; sourceTree = "<group>"; };
		C545320C27796F820041702C /* Cello-1-B.mp3 */ = {isa = PBXFileReference; lastKnownFileType = audio.mp3; name = "Cello-1-B.mp3"; path = "../../../Cello Testing notes mp3/Cello-1-B.mp3"; sourceTree = "<group>"; };
		C545320D27796F820041702C /* Cello-2-F#|Gb.mp3 */ = {isa = PBXFileReference; lastKnownFileType = audio.mp3; name = "Cello-2-F#|Gb.mp3"; path = "../../../Cello Testing notes mp3/Cello-2-F#|Gb.mp3"; sourceTree = "<group>"; };
		C545320E27796F820041702C /* Cello-2-B.mp3 */ = {isa = PBXFileReference; lastKnownFileType = audio.mp3; name = "Cello-2-B.mp3"; path = "../../../Cello Testing notes mp3/Cello-2-B.mp3"; sourceTree = "<group>"; };
		C545320F27796F820041702C /* Cello-2-F.mp3 */ = {isa = PBXFileReference; lastKnownFileType = audio.mp3; name = "Cello-2-F.mp3"; path = "../../../Cello Testing notes mp3/Cello-2-F.mp3"; sourceTree = "<group>"; };
		C545321027796F820041702C /* Cello-3-F.mp3 */ = {isa = PBXFileReference; lastKnownFileType = audio.mp3; name = "Cello-3-F.mp3"; path = "../../../Cello Testing notes mp3/Cello-3-F.mp3"; sourceTree = "<group>"; };
		C545321127796F820041702C /* Cello-2-G#|Ab.mp3 */ = {isa = PBXFileReference; lastKnownFileType = audio.mp3; name = "Cello-2-G#|Ab.mp3"; path = "../../../Cello Testing notes mp3/Cello-2-G#|Ab.mp3"; sourceTree = "<group>"; };
		C545321227796F820041702C /* Cello-3-E.mp3 */ = {isa = PBXFileReference; lastKnownFileType = audio.mp3; name = "Cello-3-E.mp3"; path = "../../../Cello Testing notes mp3/Cello-3-E.mp3"; sourceTree = "<group>"; };
		C545321327796F820041702C /* Cello-3-A#|Bb.mp3 */ = {isa = PBXFileReference; lastKnownFileType = audio.mp3; name = "Cello-3-A#|Bb.mp3"; path = "../../../Cello Testing notes mp3/Cello-3-A#|Bb.mp3"; sourceTree = "<group>"; };
		C545321427796F820041702C /* Cello-2-C#|Db.mp3 */ = {isa = PBXFileReference; lastKnownFileType = audio.mp3; name = "Cello-2-C#|Db.mp3"; path = "../../../Cello Testing notes mp3/Cello-2-C#|Db.mp3"; sourceTree = "<group>"; };
		C545321527796F820041702C /* Cello-2-A.mp3 */ = {isa = PBXFileReference; lastKnownFileType = audio.mp3; name = "Cello-2-A.mp3"; path = "../../../Cello Testing notes mp3/Cello-2-A.mp3"; sourceTree = "<group>"; };
		C545321627796F820041702C /* Cello-1-D#|Eb.mp3 */ = {isa = PBXFileReference; lastKnownFileType = audio.mp3; name = "Cello-1-D#|Eb.mp3"; path = "../../../Cello Testing notes mp3/Cello-1-D#|Eb.mp3"; sourceTree = "<group>"; };
		C545321727796F820041702C /* Cello-3-D#|Eb.mp3 */ = {isa = PBXFileReference; lastKnownFileType = audio.mp3; name = "Cello-3-D#|Eb.mp3"; path = "../../../Cello Testing notes mp3/Cello-3-D#|Eb.mp3"; sourceTree = "<group>"; };
		C545321827796F820041702C /* Cello-2-E.mp3 */ = {isa = PBXFileReference; lastKnownFileType = audio.mp3; name = "Cello-2-E.mp3"; path = "../../../Cello Testing notes mp3/Cello-2-E.mp3"; sourceTree = "<group>"; };
		C545321927796F820041702C /* Cello-3-C#|Db.mp3 */ = {isa = PBXFileReference; lastKnownFileType = audio.mp3; name = "Cello-3-C#|Db.mp3"; path = "../../../Cello Testing notes mp3/Cello-3-C#|Db.mp3"; sourceTree = "<group>"; };
		C545321A27796F820041702C /* Cello-3-G.mp3 */ = {isa = PBXFileReference; lastKnownFileType = audio.mp3; name = "Cello-3-G.mp3"; path = "../../../Cello Testing notes mp3/Cello-3-G.mp3"; sourceTree = "<group>"; };
		C545321B27796F820041702C /* Cello-1-C#|Db.mp3 */ = {isa = PBXFileReference; lastKnownFileType = audio.mp3; name = "Cello-1-C#|Db.mp3"; path = "../../../Cello Testing notes mp3/Cello-1-C#|Db.mp3"; sourceTree = "<group>"; };
		C545321C27796F820041702C /* Cello-1-G.mp3 */ = {isa = PBXFileReference; lastKnownFileType = audio.mp3; name = "Cello-1-G.mp3"; path = "../../../Cello Testing notes mp3/Cello-1-G.mp3"; sourceTree = "<group>"; };
		C545321D27796F820041702C /* Cello-2-D#|Eb.mp3 */ = {isa = PBXFileReference; lastKnownFileType = audio.mp3; name = "Cello-2-D#|Eb.mp3"; path = "../../../Cello Testing notes mp3/Cello-2-D#|Eb.mp3"; sourceTree = "<group>"; };
		C545321E27796F820041702C /* Cello-2-D.mp3 */ = {isa = PBXFileReference; lastKnownFileType = audio.mp3; name = "Cello-2-D.mp3"; path = "../../../Cello Testing notes mp3/Cello-2-D.mp3"; sourceTree = "<group>"; };
		C545321F27796F830041702C /* Cello-1-A.mp3 */ = {isa = PBXFileReference; lastKnownFileType = audio.mp3; name = "Cello-1-A.mp3"; path = "../../../Cello Testing notes mp3/Cello-1-A.mp3"; sourceTree = "<group>"; };
		C545322027796F830041702C /* Cello-3-B.mp3 */ = {isa = PBXFileReference; lastKnownFileType = audio.mp3; name = "Cello-3-B.mp3"; path = "../../../Cello Testing notes mp3/Cello-3-B.mp3"; sourceTree = "<group>"; };
		C545322127796F830041702C /* Cello-3-F#|Gb.mp3 */ = {isa = PBXFileReference; lastKnownFileType = audio.mp3; name = "Cello-3-F#|Gb.mp3"; path = "../../../Cello Testing notes mp3/Cello-3-F#|Gb.mp3"; sourceTree = "<group>"; };
		C545322227796F830041702C /* Cello-2-G.mp3 */ = {isa = PBXFileReference; lastKnownFileType = audio.mp3; name = "Cello-2-G.mp3"; path = "../../../Cello Testing notes mp3/Cello-2-G.mp3"; sourceTree = "<group>"; };
		C54532F02779B73D0041702C /* SettingsView.swift */ = {isa = PBXFileReference; lastKnownFileType = sourcecode.swift; path = SettingsView.swift; sourceTree = "<group>"; };
		C545330E277E866C0041702C /* FileReaderAndWriter.swift */ = {isa = PBXFileReference; lastKnownFileType = sourcecode.swift; path = FileReaderAndWriter.swift; sourceTree = "<group>"; };
		C54827AE277EE78800A5E0CD /* Cello-Drone-C.mp3 */ = {isa = PBXFileReference; lastKnownFileType = audio.mp3; name = "Cello-Drone-C.mp3"; path = "../../../CopyRightedCelloDrones/Cello-Drone-C.mp3"; sourceTree = "<group>"; };
		C54827AF277EE78800A5E0CD /* Cello-Drone-G.mp3 */ = {isa = PBXFileReference; lastKnownFileType = audio.mp3; name = "Cello-Drone-G.mp3"; path = "../../../CopyRightedCelloDrones/Cello-Drone-G.mp3"; sourceTree = "<group>"; };
		C54827B0277EE78800A5E0CD /* Cello-Drone-A.mp3 */ = {isa = PBXFileReference; lastKnownFileType = audio.mp3; name = "Cello-Drone-A.mp3"; path = "../../../CopyRightedCelloDrones/Cello-Drone-A.mp3"; sourceTree = "<group>"; };
		C54827B1277EE78800A5E0CD /* Cello-Drone-G#|Ab.mp3 */ = {isa = PBXFileReference; lastKnownFileType = audio.mp3; name = "Cello-Drone-G#|Ab.mp3"; path = "../../../CopyRightedCelloDrones/Cello-Drone-G#|Ab.mp3"; sourceTree = "<group>"; };
		C54827B2277EE78800A5E0CD /* Cello-Drone-D#|Eb.mp3 */ = {isa = PBXFileReference; lastKnownFileType = audio.mp3; name = "Cello-Drone-D#|Eb.mp3"; path = "../../../CopyRightedCelloDrones/Cello-Drone-D#|Eb.mp3"; sourceTree = "<group>"; };
		C54827B3277EE78800A5E0CD /* Cello-Drone-C#|Db.mp3 */ = {isa = PBXFileReference; lastKnownFileType = audio.mp3; name = "Cello-Drone-C#|Db.mp3"; path = "../../../CopyRightedCelloDrones/Cello-Drone-C#|Db.mp3"; sourceTree = "<group>"; };
		C54827B4277EE78800A5E0CD /* Cello-Drone-D.mp3 */ = {isa = PBXFileReference; lastKnownFileType = audio.mp3; name = "Cello-Drone-D.mp3"; path = "../../../CopyRightedCelloDrones/Cello-Drone-D.mp3"; sourceTree = "<group>"; };
		C54827B5277EE78800A5E0CD /* Cello-Drone-B.mp3 */ = {isa = PBXFileReference; lastKnownFileType = audio.mp3; name = "Cello-Drone-B.mp3"; path = "../../../CopyRightedCelloDrones/Cello-Drone-B.mp3"; sourceTree = "<group>"; };
		C54827B6277EE78800A5E0CD /* Cello-Drone-A#|Bb.mp3 */ = {isa = PBXFileReference; lastKnownFileType = audio.mp3; name = "Cello-Drone-A#|Bb.mp3"; path = "../../../CopyRightedCelloDrones/Cello-Drone-A#|Bb.mp3"; sourceTree = "<group>"; };
		C54827B7277EE78800A5E0CD /* Cello-Drone-E.mp3 */ = {isa = PBXFileReference; lastKnownFileType = audio.mp3; name = "Cello-Drone-E.mp3"; path = "../../../CopyRightedCelloDrones/Cello-Drone-E.mp3"; sourceTree = "<group>"; };
		C54827B8277EE78800A5E0CD /* Cello-Drone-F.mp3 */ = {isa = PBXFileReference; lastKnownFileType = audio.mp3; name = "Cello-Drone-F.mp3"; path = "../../../CopyRightedCelloDrones/Cello-Drone-F.mp3"; sourceTree = "<group>"; };
		C54827B9277EE78800A5E0CD /* Cello-Drone-F#|Gb.mp3 */ = {isa = PBXFileReference; lastKnownFileType = audio.mp3; name = "Cello-Drone-F#|Gb.mp3"; path = "../../../CopyRightedCelloDrones/Cello-Drone-F#|Gb.mp3"; sourceTree = "<group>"; };
		C574FE72276886B700ADD3B3 /* ScaleHero.app */ = {isa = PBXFileReference; explicitFileType = wrapper.application; includeInIndex = 0; path = ScaleHero.app; sourceTree = BUILT_PRODUCTS_DIR; };
		C574FE75276886B700ADD3B3 /* ScaleHeroApp.swift */ = {isa = PBXFileReference; lastKnownFileType = sourcecode.swift; path = ScaleHeroApp.swift; sourceTree = "<group>"; };
		C574FE77276886B700ADD3B3 /* ContentView.swift */ = {isa = PBXFileReference; lastKnownFileType = sourcecode.swift; path = ContentView.swift; sourceTree = "<group>"; };
		C574FE79276886BC00ADD3B3 /* Assets.xcassets */ = {isa = PBXFileReference; lastKnownFileType = folder.assetcatalog; path = Assets.xcassets; sourceTree = "<group>"; };
		C574FE7C276886BC00ADD3B3 /* Preview Assets.xcassets */ = {isa = PBXFileReference; lastKnownFileType = folder.assetcatalog; path = "Preview Assets.xcassets"; sourceTree = "<group>"; };
		C574FE82276886BC00ADD3B3 /* ScaleHeroTests.xctest */ = {isa = PBXFileReference; explicitFileType = wrapper.cfbundle; includeInIndex = 0; path = ScaleHeroTests.xctest; sourceTree = BUILT_PRODUCTS_DIR; };
		C574FE86276886BD00ADD3B3 /* ScaleHeroTests.swift */ = {isa = PBXFileReference; lastKnownFileType = sourcecode.swift; path = ScaleHeroTests.swift; sourceTree = "<group>"; };
		C574FE8C276886BD00ADD3B3 /* ScaleHeroUITests.xctest */ = {isa = PBXFileReference; explicitFileType = wrapper.cfbundle; includeInIndex = 0; path = ScaleHeroUITests.xctest; sourceTree = BUILT_PRODUCTS_DIR; };
		C574FE90276886BD00ADD3B3 /* ScaleHeroUITests.swift */ = {isa = PBXFileReference; lastKnownFileType = sourcecode.swift; path = ScaleHeroUITests.swift; sourceTree = "<group>"; };
		C574FE92276886BD00ADD3B3 /* ScaleHeroUITestsLaunchTests.swift */ = {isa = PBXFileReference; lastKnownFileType = sourcecode.swift; path = ScaleHeroUITestsLaunchTests.swift; sourceTree = "<group>"; };
		C574FE9F2769BFE700ADD3B3 /* ScalesView.swift */ = {isa = PBXFileReference; lastKnownFileType = sourcecode.swift; path = ScalesView.swift; sourceTree = "<group>"; };
		C574FEA52769C07300ADD3B3 /* small-loop.mp3 */ = {isa = PBXFileReference; lastKnownFileType = audio.mp3; name = "small-loop.mp3"; path = "../../Deco2800/TasksCompleted/MusicIdeas/small-loop.mp3"; sourceTree = "<group>"; };
		C574FEA82769CFDF00ADD3B3 /* ArpeggioView.swift */ = {isa = PBXFileReference; lastKnownFileType = sourcecode.swift; path = ArpeggioView.swift; sourceTree = "<group>"; };
		C574FEE0276B0AE000ADD3B3 /* SoundView.swift */ = {isa = PBXFileReference; lastKnownFileType = sourcecode.swift; path = SoundView.swift; sourceTree = "<group>"; };
		C574FF1927731F1000ADD3B3 /* JTest-1-G#|Ab.mp3 */ = {isa = PBXFileReference; lastKnownFileType = audio.mp3; name = "JTest-1-G#|Ab.mp3"; path = "../../../Jesse's Testing ntoes/JTest-1-G#|Ab.mp3"; sourceTree = "<group>"; };
		C574FF1A27731F1000ADD3B3 /* JTest-2-A.mp3 */ = {isa = PBXFileReference; lastKnownFileType = audio.mp3; name = "JTest-2-A.mp3"; path = "../../../Jesse's Testing ntoes/JTest-2-A.mp3"; sourceTree = "<group>"; };
		C574FF1B27731F1000ADD3B3 /* JTest-1-C.mp3 */ = {isa = PBXFileReference; lastKnownFileType = audio.mp3; name = "JTest-1-C.mp3"; path = "../../../Jesse's Testing ntoes/JTest-1-C.mp3"; sourceTree = "<group>"; };
		C574FF1C27731F1100ADD3B3 /* JTest-2-C.mp3 */ = {isa = PBXFileReference; lastKnownFileType = audio.mp3; name = "JTest-2-C.mp3"; path = "../../../Jesse's Testing ntoes/JTest-2-C.mp3"; sourceTree = "<group>"; };
		C574FF1D27731F1100ADD3B3 /* JTest-1-F.mp3 */ = {isa = PBXFileReference; lastKnownFileType = audio.mp3; name = "JTest-1-F.mp3"; path = "../../../Jesse's Testing ntoes/JTest-1-F.mp3"; sourceTree = "<group>"; };
		C574FF1E27731F1100ADD3B3 /* JTest-1-G.mp3 */ = {isa = PBXFileReference; lastKnownFileType = audio.mp3; name = "JTest-1-G.mp3"; path = "../../../Jesse's Testing ntoes/JTest-1-G.mp3"; sourceTree = "<group>"; };
		C574FF1F27731F1100ADD3B3 /* JTest-2-A#|Bb.mp3 */ = {isa = PBXFileReference; lastKnownFileType = audio.mp3; name = "JTest-2-A#|Bb.mp3"; path = "../../../Jesse's Testing ntoes/JTest-2-A#|Bb.mp3"; sourceTree = "<group>"; };
		C574FF2027731F1100ADD3B3 /* JTest-1-F#|Gb.mp3 */ = {isa = PBXFileReference; lastKnownFileType = audio.mp3; name = "JTest-1-F#|Gb.mp3"; path = "../../../Jesse's Testing ntoes/JTest-1-F#|Gb.mp3"; sourceTree = "<group>"; };
		C574FF2127731F1100ADD3B3 /* JTest-1-B.mp3 */ = {isa = PBXFileReference; lastKnownFileType = audio.mp3; name = "JTest-1-B.mp3"; path = "../../../Jesse's Testing ntoes/JTest-1-B.mp3"; sourceTree = "<group>"; };
		C574FF2227731F1100ADD3B3 /* JTest-1-D#|Eb.mp3 */ = {isa = PBXFileReference; lastKnownFileType = audio.mp3; name = "JTest-1-D#|Eb.mp3"; path = "../../../Jesse's Testing ntoes/JTest-1-D#|Eb.mp3"; sourceTree = "<group>"; };
		C574FF2327731F1100ADD3B3 /* JTest-1-A#|Bb.mp3 */ = {isa = PBXFileReference; lastKnownFileType = audio.mp3; name = "JTest-1-A#|Bb.mp3"; path = "../../../Jesse's Testing ntoes/JTest-1-A#|Bb.mp3"; sourceTree = "<group>"; };
		C574FF2427731F1100ADD3B3 /* JTest-1-C#|Db.mp3 */ = {isa = PBXFileReference; lastKnownFileType = audio.mp3; name = "JTest-1-C#|Db.mp3"; path = "../../../Jesse's Testing ntoes/JTest-1-C#|Db.mp3"; sourceTree = "<group>"; };
		C574FF2527731F1100ADD3B3 /* JTest-1-D.mp3 */ = {isa = PBXFileReference; lastKnownFileType = audio.mp3; name = "JTest-1-D.mp3"; path = "../../../Jesse's Testing ntoes/JTest-1-D.mp3"; sourceTree = "<group>"; };
		C574FF2627731F1100ADD3B3 /* JTest-1-A.mp3 */ = {isa = PBXFileReference; lastKnownFileType = audio.mp3; name = "JTest-1-A.mp3"; path = "../../../Jesse's Testing ntoes/JTest-1-A.mp3"; sourceTree = "<group>"; };
		C574FF2727731F1100ADD3B3 /* JTest-1-E.mp3 */ = {isa = PBXFileReference; lastKnownFileType = audio.mp3; name = "JTest-1-E.mp3"; path = "../../../Jesse's Testing ntoes/JTest-1-E.mp3"; sourceTree = "<group>"; };
		C574FF2827731F1100ADD3B3 /* JTest-2-B.mp3 */ = {isa = PBXFileReference; lastKnownFileType = audio.mp3; name = "JTest-2-B.mp3"; path = "../../../Jesse's Testing ntoes/JTest-2-B.mp3"; sourceTree = "<group>"; };
		C574FF3A2773F48F00ADD3B3 /* WriteScales.swift */ = {isa = PBXFileReference; lastKnownFileType = sourcecode.swift; path = WriteScales.swift; sourceTree = "<group>"; };
		C58FE9F2278292B900075A4C /* SpecialView.swift */ = {isa = PBXFileReference; lastKnownFileType = sourcecode.swift; path = SpecialView.swift; sourceTree = "<group>"; };
		C597D97527964EF40086848D /* AbstractView.swift */ = {isa = PBXFileReference; lastKnownFileType = sourcecode.swift; path = AbstractView.swift; sourceTree = "<group>"; };
		C5B03BDC278416EB00643E7C /* PlayingView.swift */ = {isa = PBXFileReference; lastKnownFileType = sourcecode.swift; path = PlayingView.swift; sourceTree = "<group>"; };
		C5DBD5C0278078FF00DF5183 /* MainUIButtonView.swift */ = {isa = PBXFileReference; lastKnownFileType = sourcecode.swift; path = MainUIButtonView.swift; sourceTree = "<group>"; };
		C5DBD5F127812A9E00DF5183 /* FileManager-DocumentsDirectory.swift */ = {isa = PBXFileReference; lastKnownFileType = sourcecode.swift; path = "FileManager-DocumentsDirectory.swift"; sourceTree = "<group>"; };
		C5DBD5F327812B6100DF5183 /* Scale.swift */ = {isa = PBXFileReference; lastKnownFileType = sourcecode.swift; path = Scale.swift; sourceTree = "<group>"; };
/* End PBXFileReference section */

/* Begin PBXFrameworksBuildPhase section */
		C574FE6F276886B700ADD3B3 /* Frameworks */ = {
			isa = PBXFrameworksBuildPhase;
			buildActionMask = 2147483647;
			files = (
				C574FEA32769C00C00ADD3B3 /* SwiftySound in Frameworks */,
			);
			runOnlyForDeploymentPostprocessing = 0;
		};
		C574FE7F276886BC00ADD3B3 /* Frameworks */ = {
			isa = PBXFrameworksBuildPhase;
			buildActionMask = 2147483647;
			files = (
			);
			runOnlyForDeploymentPostprocessing = 0;
		};
		C574FE89276886BD00ADD3B3 /* Frameworks */ = {
			isa = PBXFrameworksBuildPhase;
			buildActionMask = 2147483647;
			files = (
			);
			runOnlyForDeploymentPostprocessing = 0;
		};
/* End PBXFrameworksBuildPhase section */

/* Begin PBXGroup section */
		C54531F82779593B0041702C /* Cello Tonnes */ = {
			isa = PBXGroup;
			children = (
				C545321F27796F830041702C /* Cello-1-A.mp3 */,
				C545320427796F820041702C /* Cello-1-A#|Bb.mp3 */,
				C545320C27796F820041702C /* Cello-1-B.mp3 */,
				C545320527796F820041702C /* Cello-1-C.mp3 */,
				C545321B27796F820041702C /* Cello-1-C#|Db.mp3 */,
				C545320827796F820041702C /* Cello-1-D.mp3 */,
				C545321627796F820041702C /* Cello-1-D#|Eb.mp3 */,
				C545320627796F820041702C /* Cello-1-E.mp3 */,
				C545320727796F820041702C /* Cello-1-F.mp3 */,
				C545320027796F810041702C /* Cello-1-F#|Gb.mp3 */,
				C545321C27796F820041702C /* Cello-1-G.mp3 */,
				C545320A27796F820041702C /* Cello-1-G#|Ab.mp3 */,
				C545321527796F820041702C /* Cello-2-A.mp3 */,
				C545320227796F820041702C /* Cello-2-A#|Bb.mp3 */,
				C545320E27796F820041702C /* Cello-2-B.mp3 */,
				C545320B27796F820041702C /* Cello-2-C.mp3 */,
				C545321427796F820041702C /* Cello-2-C#|Db.mp3 */,
				C545321E27796F820041702C /* Cello-2-D.mp3 */,
				C545321D27796F820041702C /* Cello-2-D#|Eb.mp3 */,
				C545321827796F820041702C /* Cello-2-E.mp3 */,
				C545320F27796F820041702C /* Cello-2-F.mp3 */,
				C545320D27796F820041702C /* Cello-2-F#|Gb.mp3 */,
				C545322227796F830041702C /* Cello-2-G.mp3 */,
				C545321127796F820041702C /* Cello-2-G#|Ab.mp3 */,
				C545320327796F820041702C /* Cello-3-A.mp3 */,
				C545321327796F820041702C /* Cello-3-A#|Bb.mp3 */,
				C545322027796F830041702C /* Cello-3-B.mp3 */,
				C545320927796F820041702C /* Cello-3-C.mp3 */,
				C545321927796F820041702C /* Cello-3-C#|Db.mp3 */,
				C545320127796F810041702C /* Cello-3-D.mp3 */,
				C545321727796F820041702C /* Cello-3-D#|Eb.mp3 */,
				C545321227796F820041702C /* Cello-3-E.mp3 */,
				C545321027796F820041702C /* Cello-3-F.mp3 */,
				C545322127796F830041702C /* Cello-3-F#|Gb.mp3 */,
				C545321A27796F820041702C /* Cello-3-G.mp3 */,
				C54531FF27796F810041702C /* Cello-3-G#|Ab.mp3 */,
			);
			path = "Cello Tonnes";
			sourceTree = "<group>";
		};
		C54827AD277EE6B500A5E0CD /* Cello-COpyrighted-Drone */ = {
			isa = PBXGroup;
			children = (
				C54827B0277EE78800A5E0CD /* Cello-Drone-A.mp3 */,
				C54827B6277EE78800A5E0CD /* Cello-Drone-A#|Bb.mp3 */,
				C54827B5277EE78800A5E0CD /* Cello-Drone-B.mp3 */,
				C54827AE277EE78800A5E0CD /* Cello-Drone-C.mp3 */,
				C54827B3277EE78800A5E0CD /* Cello-Drone-C#|Db.mp3 */,
				C54827B4277EE78800A5E0CD /* Cello-Drone-D.mp3 */,
				C54827B2277EE78800A5E0CD /* Cello-Drone-D#|Eb.mp3 */,
				C54827B7277EE78800A5E0CD /* Cello-Drone-E.mp3 */,
				C54827B8277EE78800A5E0CD /* Cello-Drone-F.mp3 */,
				C54827B9277EE78800A5E0CD /* Cello-Drone-F#|Gb.mp3 */,
				C54827AF277EE78800A5E0CD /* Cello-Drone-G.mp3 */,
				C54827B1277EE78800A5E0CD /* Cello-Drone-G#|Ab.mp3 */,
			);
			path = "Cello-COpyrighted-Drone";
			sourceTree = "<group>";
		};
		C574FE69276886B700ADD3B3 = {
			isa = PBXGroup;
			children = (
				C574FEA42769C05E00ADD3B3 /* Sounds */,
				C574FE74276886B700ADD3B3 /* ScaleHero */,
				C574FE85276886BD00ADD3B3 /* ScaleHeroTests */,
				C574FE8F276886BD00ADD3B3 /* ScaleHeroUITests */,
				C574FE73276886B700ADD3B3 /* Products */,
			);
			sourceTree = "<group>";
		};
		C574FE73276886B700ADD3B3 /* Products */ = {
			isa = PBXGroup;
			children = (
				C574FE72276886B700ADD3B3 /* ScaleHero.app */,
				C574FE82276886BC00ADD3B3 /* ScaleHeroTests.xctest */,
				C574FE8C276886BD00ADD3B3 /* ScaleHeroUITests.xctest */,
			);
			name = Products;
			sourceTree = "<group>";
		};
		C574FE74276886B700ADD3B3 /* ScaleHero */ = {
			isa = PBXGroup;
			children = (
				C51BFE87279A8BF3001BF9A3 /* Info.plist */,
				C574FE75276886B700ADD3B3 /* ScaleHeroApp.swift */,
				C574FEA72769CF9F00ADD3B3 /* Views */,
				C574FF392773F47A00ADD3B3 /* Models */,
				C574FE79276886BC00ADD3B3 /* Assets.xcassets */,
				C574FE7B276886BC00ADD3B3 /* Preview Content */,
			);
			path = ScaleHero;
			sourceTree = "<group>";
		};
		C574FE7B276886BC00ADD3B3 /* Preview Content */ = {
			isa = PBXGroup;
			children = (
				C574FE7C276886BC00ADD3B3 /* Preview Assets.xcassets */,
			);
			path = "Preview Content";
			sourceTree = "<group>";
		};
		C574FE85276886BD00ADD3B3 /* ScaleHeroTests */ = {
			isa = PBXGroup;
			children = (
				C574FE86276886BD00ADD3B3 /* ScaleHeroTests.swift */,
			);
			path = ScaleHeroTests;
			sourceTree = "<group>";
		};
		C574FE8F276886BD00ADD3B3 /* ScaleHeroUITests */ = {
			isa = PBXGroup;
			children = (
				C574FE90276886BD00ADD3B3 /* ScaleHeroUITests.swift */,
				C574FE92276886BD00ADD3B3 /* ScaleHeroUITestsLaunchTests.swift */,
			);
			path = ScaleHeroUITests;
			sourceTree = "<group>";
		};
		C574FEA42769C05E00ADD3B3 /* Sounds */ = {
			isa = PBXGroup;
			children = (
				C54827AD277EE6B500A5E0CD /* Cello-COpyrighted-Drone */,
				C54531F82779593B0041702C /* Cello Tonnes */,
				C574FF1827731EE000ADD3B3 /* Jesse's tones */,
				C574FEA52769C07300ADD3B3 /* small-loop.mp3 */,
			);
			path = Sounds;
			sourceTree = "<group>";
		};
		C574FEA72769CF9F00ADD3B3 /* Views */ = {
			isa = PBXGroup;
			children = (
				C574FE77276886B700ADD3B3 /* ContentView.swift */,
				C574FE9F2769BFE700ADD3B3 /* ScalesView.swift */,
				C574FEA82769CFDF00ADD3B3 /* ArpeggioView.swift */,
				C574FEE0276B0AE000ADD3B3 /* SoundView.swift */,
				C54532F02779B73D0041702C /* SettingsView.swift */,
				C5DBD5C0278078FF00DF5183 /* MainUIButtonView.swift */,
				C58FE9F2278292B900075A4C /* SpecialView.swift */,
				C5B03BDC278416EB00643E7C /* PlayingView.swift */,
				C597D97527964EF40086848D /* AbstractView.swift */,
				C5443226279B9F2B0068A239 /* DroneView.swift */,
			);
			path = Views;
			sourceTree = "<group>";
		};
		C574FF1827731EE000ADD3B3 /* Jesse's tones */ = {
			isa = PBXGroup;
			children = (
				C574FF2627731F1100ADD3B3 /* JTest-1-A.mp3 */,
				C574FF1F27731F1100ADD3B3 /* JTest-2-A#|Bb.mp3 */,
				C574FF1A27731F1000ADD3B3 /* JTest-2-A.mp3 */,
				C574FF2127731F1100ADD3B3 /* JTest-1-B.mp3 */,
				C574FF2827731F1100ADD3B3 /* JTest-2-B.mp3 */,
				C574FF2327731F1100ADD3B3 /* JTest-1-A#|Bb.mp3 */,
				C574FF2427731F1100ADD3B3 /* JTest-1-C#|Db.mp3 */,
				C574FF1B27731F1000ADD3B3 /* JTest-1-C.mp3 */,
				C574FF1C27731F1100ADD3B3 /* JTest-2-C.mp3 */,
				C574FF2527731F1100ADD3B3 /* JTest-1-D.mp3 */,
				C574FF2727731F1100ADD3B3 /* JTest-1-E.mp3 */,
				C574FF2227731F1100ADD3B3 /* JTest-1-D#|Eb.mp3 */,
				C574FF1D27731F1100ADD3B3 /* JTest-1-F.mp3 */,
				C574FF1E27731F1100ADD3B3 /* JTest-1-G.mp3 */,
				C574FF1927731F1000ADD3B3 /* JTest-1-G#|Ab.mp3 */,
				C574FF2027731F1100ADD3B3 /* JTest-1-F#|Gb.mp3 */,
			);
			path = "Jesse's tones";
			sourceTree = "<group>";
		};
		C574FF392773F47A00ADD3B3 /* Models */ = {
			isa = PBXGroup;
			children = (
				C574FF3A2773F48F00ADD3B3 /* WriteScales.swift */,
				C54531D127756F180041702C /* PlaySounds.swift */,
				C545330E277E866C0041702C /* FileReaderAndWriter.swift */,
				C5DBD5F127812A9E00DF5183 /* FileManager-DocumentsDirectory.swift */,
				C5DBD5F327812B6100DF5183 /* Scale.swift */,
			);
			path = Models;
			sourceTree = "<group>";
		};
/* End PBXGroup section */

/* Begin PBXNativeTarget section */
		C574FE71276886B700ADD3B3 /* ScaleHero */ = {
			isa = PBXNativeTarget;
			buildConfigurationList = C574FE96276886BD00ADD3B3 /* Build configuration list for PBXNativeTarget "ScaleHero" */;
			buildPhases = (
				C574FE6E276886B700ADD3B3 /* Sources */,
				C574FE6F276886B700ADD3B3 /* Frameworks */,
				C574FE70276886B700ADD3B3 /* Resources */,
			);
			buildRules = (
			);
			dependencies = (
			);
			name = ScaleHero;
			packageProductDependencies = (
				C574FEA22769C00C00ADD3B3 /* SwiftySound */,
			);
			productName = ScaleHero;
			productReference = C574FE72276886B700ADD3B3 /* ScaleHero.app */;
			productType = "com.apple.product-type.application";
		};
		C574FE81276886BC00ADD3B3 /* ScaleHeroTests */ = {
			isa = PBXNativeTarget;
			buildConfigurationList = C574FE99276886BD00ADD3B3 /* Build configuration list for PBXNativeTarget "ScaleHeroTests" */;
			buildPhases = (
				C574FE7E276886BC00ADD3B3 /* Sources */,
				C574FE7F276886BC00ADD3B3 /* Frameworks */,
				C574FE80276886BC00ADD3B3 /* Resources */,
			);
			buildRules = (
			);
			dependencies = (
				C574FE84276886BD00ADD3B3 /* PBXTargetDependency */,
			);
			name = ScaleHeroTests;
			productName = ScaleHeroTests;
			productReference = C574FE82276886BC00ADD3B3 /* ScaleHeroTests.xctest */;
			productType = "com.apple.product-type.bundle.unit-test";
		};
		C574FE8B276886BD00ADD3B3 /* ScaleHeroUITests */ = {
			isa = PBXNativeTarget;
			buildConfigurationList = C574FE9C276886BD00ADD3B3 /* Build configuration list for PBXNativeTarget "ScaleHeroUITests" */;
			buildPhases = (
				C574FE88276886BD00ADD3B3 /* Sources */,
				C574FE89276886BD00ADD3B3 /* Frameworks */,
				C574FE8A276886BD00ADD3B3 /* Resources */,
			);
			buildRules = (
			);
			dependencies = (
				C574FE8E276886BD00ADD3B3 /* PBXTargetDependency */,
			);
			name = ScaleHeroUITests;
			productName = ScaleHeroUITests;
			productReference = C574FE8C276886BD00ADD3B3 /* ScaleHeroUITests.xctest */;
			productType = "com.apple.product-type.bundle.ui-testing";
		};
/* End PBXNativeTarget section */

/* Begin PBXProject section */
		C574FE6A276886B700ADD3B3 /* Project object */ = {
			isa = PBXProject;
			attributes = {
				BuildIndependentTargetsInParallel = 1;
				LastSwiftUpdateCheck = 1310;
				LastUpgradeCheck = 1310;
				TargetAttributes = {
					C574FE71276886B700ADD3B3 = {
						CreatedOnToolsVersion = 13.1;
					};
					C574FE81276886BC00ADD3B3 = {
						CreatedOnToolsVersion = 13.1;
						TestTargetID = C574FE71276886B700ADD3B3;
					};
					C574FE8B276886BD00ADD3B3 = {
						CreatedOnToolsVersion = 13.1;
						TestTargetID = C574FE71276886B700ADD3B3;
					};
				};
			};
			buildConfigurationList = C574FE6D276886B700ADD3B3 /* Build configuration list for PBXProject "ScaleHero" */;
			compatibilityVersion = "Xcode 13.0";
			developmentRegion = en;
			hasScannedForEncodings = 0;
			knownRegions = (
				en,
				Base,
			);
			mainGroup = C574FE69276886B700ADD3B3;
			packageReferences = (
				C574FEA12769C00C00ADD3B3 /* XCRemoteSwiftPackageReference "SwiftySound" */,
			);
			productRefGroup = C574FE73276886B700ADD3B3 /* Products */;
			projectDirPath = "";
			projectRoot = "";
			targets = (
				C574FE71276886B700ADD3B3 /* ScaleHero */,
				C574FE81276886BC00ADD3B3 /* ScaleHeroTests */,
				C574FE8B276886BD00ADD3B3 /* ScaleHeroUITests */,
			);
		};
/* End PBXProject section */

/* Begin PBXResourcesBuildPhase section */
		C574FE70276886B700ADD3B3 /* Resources */ = {
			isa = PBXResourcesBuildPhase;
			buildActionMask = 2147483647;
			files = (
				C54827C0277EE78800A5E0CD /* Cello-Drone-D.mp3 in Resources */,
				C574FF2F27731F1100ADD3B3 /* JTest-2-A#|Bb.mp3 in Resources */,
				C545323F27796F830041702C /* Cello-1-C#|Db.mp3 in Resources */,
				C545322527796F830041702C /* Cello-3-D.mp3 in Resources */,
				C574FF3427731F1200ADD3B3 /* JTest-1-C#|Db.mp3 in Resources */,
				C574FF2B27731F1100ADD3B3 /* JTest-1-C.mp3 in Resources */,
				C545324527796F830041702C /* Cello-3-F#|Gb.mp3 in Resources */,
				C545323327796F830041702C /* Cello-2-F.mp3 in Resources */,
				C545323027796F830041702C /* Cello-1-B.mp3 in Resources */,
				C545322E27796F830041702C /* Cello-1-G#|Ab.mp3 in Resources */,
				C545323E27796F830041702C /* Cello-3-G.mp3 in Resources */,
				C545322827796F830041702C /* Cello-1-A#|Bb.mp3 in Resources */,
				C574FF2D27731F1100ADD3B3 /* JTest-1-F.mp3 in Resources */,
				C545323227796F830041702C /* Cello-2-B.mp3 in Resources */,
				C545323827796F830041702C /* Cello-2-C#|Db.mp3 in Resources */,
				C545323D27796F830041702C /* Cello-3-C#|Db.mp3 in Resources */,
				C545322327796F830041702C /* Cello-3-G#|Ab.mp3 in Resources */,
				C545322B27796F830041702C /* Cello-1-F.mp3 in Resources */,
				C545323127796F830041702C /* Cello-2-F#|Gb.mp3 in Resources */,
				C545323427796F830041702C /* Cello-3-F.mp3 in Resources */,
				C54827BC277EE78800A5E0CD /* Cello-Drone-A.mp3 in Resources */,
				C545322F27796F830041702C /* Cello-2-C.mp3 in Resources */,
				C574FF2A27731F1100ADD3B3 /* JTest-2-A.mp3 in Resources */,
				C545322427796F830041702C /* Cello-1-F#|Gb.mp3 in Resources */,
				C54827C2277EE78800A5E0CD /* Cello-Drone-A#|Bb.mp3 in Resources */,
				C574FF3027731F1100ADD3B3 /* JTest-1-F#|Gb.mp3 in Resources */,
				C574FF2C27731F1100ADD3B3 /* JTest-2-C.mp3 in Resources */,
				C574FF3527731F1200ADD3B3 /* JTest-1-D.mp3 in Resources */,
				C574FE7D276886BC00ADD3B3 /* Preview Assets.xcassets in Resources */,
				C574FF3627731F1200ADD3B3 /* JTest-1-A.mp3 in Resources */,
				C54827C3277EE78800A5E0CD /* Cello-Drone-E.mp3 in Resources */,
				C545324127796F830041702C /* Cello-2-D#|Eb.mp3 in Resources */,
				C545324627796F830041702C /* Cello-2-G.mp3 in Resources */,
				C574FE7A276886BC00ADD3B3 /* Assets.xcassets in Resources */,
				C545324427796F830041702C /* Cello-3-B.mp3 in Resources */,
				C545324227796F830041702C /* Cello-2-D.mp3 in Resources */,
				C545323527796F830041702C /* Cello-2-G#|Ab.mp3 in Resources */,
				C545324327796F830041702C /* Cello-1-A.mp3 in Resources */,
				C545322D27796F830041702C /* Cello-3-C.mp3 in Resources */,
				C574FF2E27731F1100ADD3B3 /* JTest-1-G.mp3 in Resources */,
				C545322627796F830041702C /* Cello-2-A#|Bb.mp3 in Resources */,
				C54827BE277EE78800A5E0CD /* Cello-Drone-D#|Eb.mp3 in Resources */,
				C545323A27796F830041702C /* Cello-1-D#|Eb.mp3 in Resources */,
				C545323B27796F830041702C /* Cello-3-D#|Eb.mp3 in Resources */,
				C545322727796F830041702C /* Cello-3-A.mp3 in Resources */,
				C545324027796F830041702C /* Cello-1-G.mp3 in Resources */,
				C545323627796F830041702C /* Cello-3-E.mp3 in Resources */,
				C574FF3827731F1200ADD3B3 /* JTest-2-B.mp3 in Resources */,
				C54827BD277EE78800A5E0CD /* Cello-Drone-G#|Ab.mp3 in Resources */,
				C545322A27796F830041702C /* Cello-1-E.mp3 in Resources */,
				C54827C4277EE78800A5E0CD /* Cello-Drone-F.mp3 in Resources */,
				C574FF3727731F1200ADD3B3 /* JTest-1-E.mp3 in Resources */,
				C574FF3227731F1200ADD3B3 /* JTest-1-D#|Eb.mp3 in Resources */,
				C574FF3127731F1200ADD3B3 /* JTest-1-B.mp3 in Resources */,
				C54827BB277EE78800A5E0CD /* Cello-Drone-G.mp3 in Resources */,
				C545323C27796F830041702C /* Cello-2-E.mp3 in Resources */,
				C545322927796F830041702C /* Cello-1-C.mp3 in Resources */,
				C54827C5277EE78800A5E0CD /* Cello-Drone-F#|Gb.mp3 in Resources */,
				C574FF2927731F1100ADD3B3 /* JTest-1-G#|Ab.mp3 in Resources */,
				C545323927796F830041702C /* Cello-2-A.mp3 in Resources */,
				C54827BA277EE78800A5E0CD /* Cello-Drone-C.mp3 in Resources */,
				C545322C27796F830041702C /* Cello-1-D.mp3 in Resources */,
				C574FEA62769C07300ADD3B3 /* small-loop.mp3 in Resources */,
				C574FF3327731F1200ADD3B3 /* JTest-1-A#|Bb.mp3 in Resources */,
				C54827BF277EE78800A5E0CD /* Cello-Drone-C#|Db.mp3 in Resources */,
				C545323727796F830041702C /* Cello-3-A#|Bb.mp3 in Resources */,
				C54827C1277EE78800A5E0CD /* Cello-Drone-B.mp3 in Resources */,
			);
			runOnlyForDeploymentPostprocessing = 0;
		};
		C574FE80276886BC00ADD3B3 /* Resources */ = {
			isa = PBXResourcesBuildPhase;
			buildActionMask = 2147483647;
			files = (
			);
			runOnlyForDeploymentPostprocessing = 0;
		};
		C574FE8A276886BD00ADD3B3 /* Resources */ = {
			isa = PBXResourcesBuildPhase;
			buildActionMask = 2147483647;
			files = (
			);
			runOnlyForDeploymentPostprocessing = 0;
		};
/* End PBXResourcesBuildPhase section */

/* Begin PBXSourcesBuildPhase section */
		C574FE6E276886B700ADD3B3 /* Sources */ = {
			isa = PBXSourcesBuildPhase;
			buildActionMask = 2147483647;
			files = (
				C574FF3B2773F48F00ADD3B3 /* WriteScales.swift in Sources */,
				C5DBD5F227812A9E00DF5183 /* FileManager-DocumentsDirectory.swift in Sources */,
				C5443227279B9F2C0068A239 /* DroneView.swift in Sources */,
				C54532F12779B73D0041702C /* SettingsView.swift in Sources */,
				C5B03BDD278416EB00643E7C /* PlayingView.swift in Sources */,
				C574FEE1276B0AE000ADD3B3 /* SoundView.swift in Sources */,
				C574FE78276886B700ADD3B3 /* ContentView.swift in Sources */,
				C574FE76276886B700ADD3B3 /* ScaleHeroApp.swift in Sources */,
				C5DBD5C1278078FF00DF5183 /* MainUIButtonView.swift in Sources */,
				C597D97627964EF40086848D /* AbstractView.swift in Sources */,
				C574FEA92769CFDF00ADD3B3 /* ArpeggioView.swift in Sources */,
				C545330F277E866C0041702C /* FileReaderAndWriter.swift in Sources */,
				C574FEA02769BFE700ADD3B3 /* ScalesView.swift in Sources */,
				C5DBD5F427812B6100DF5183 /* Scale.swift in Sources */,
				C54531D227756F180041702C /* PlaySounds.swift in Sources */,
				C58FE9F3278292B900075A4C /* SpecialView.swift in Sources */,
			);
			runOnlyForDeploymentPostprocessing = 0;
		};
		C574FE7E276886BC00ADD3B3 /* Sources */ = {
			isa = PBXSourcesBuildPhase;
			buildActionMask = 2147483647;
			files = (
				C574FE87276886BD00ADD3B3 /* ScaleHeroTests.swift in Sources */,
			);
			runOnlyForDeploymentPostprocessing = 0;
		};
		C574FE88276886BD00ADD3B3 /* Sources */ = {
			isa = PBXSourcesBuildPhase;
			buildActionMask = 2147483647;
			files = (
				C574FE91276886BD00ADD3B3 /* ScaleHeroUITests.swift in Sources */,
				C574FE93276886BD00ADD3B3 /* ScaleHeroUITestsLaunchTests.swift in Sources */,
			);
			runOnlyForDeploymentPostprocessing = 0;
		};
/* End PBXSourcesBuildPhase section */

/* Begin PBXTargetDependency section */
		C574FE84276886BD00ADD3B3 /* PBXTargetDependency */ = {
			isa = PBXTargetDependency;
			target = C574FE71276886B700ADD3B3 /* ScaleHero */;
			targetProxy = C574FE83276886BD00ADD3B3 /* PBXContainerItemProxy */;
		};
		C574FE8E276886BD00ADD3B3 /* PBXTargetDependency */ = {
			isa = PBXTargetDependency;
			target = C574FE71276886B700ADD3B3 /* ScaleHero */;
			targetProxy = C574FE8D276886BD00ADD3B3 /* PBXContainerItemProxy */;
		};
/* End PBXTargetDependency section */

/* Begin XCBuildConfiguration section */
		C574FE94276886BD00ADD3B3 /* Debug */ = {
			isa = XCBuildConfiguration;
			buildSettings = {
				ALWAYS_SEARCH_USER_PATHS = NO;
				CLANG_ANALYZER_NONNULL = YES;
				CLANG_ANALYZER_NUMBER_OBJECT_CONVERSION = YES_AGGRESSIVE;
				CLANG_CXX_LANGUAGE_STANDARD = "gnu++17";
				CLANG_CXX_LIBRARY = "libc++";
				CLANG_ENABLE_MODULES = YES;
				CLANG_ENABLE_OBJC_ARC = YES;
				CLANG_ENABLE_OBJC_WEAK = YES;
				CLANG_WARN_BLOCK_CAPTURE_AUTORELEASING = YES;
				CLANG_WARN_BOOL_CONVERSION = YES;
				CLANG_WARN_COMMA = YES;
				CLANG_WARN_CONSTANT_CONVERSION = YES;
				CLANG_WARN_DEPRECATED_OBJC_IMPLEMENTATIONS = YES;
				CLANG_WARN_DIRECT_OBJC_ISA_USAGE = YES_ERROR;
				CLANG_WARN_DOCUMENTATION_COMMENTS = YES;
				CLANG_WARN_EMPTY_BODY = YES;
				CLANG_WARN_ENUM_CONVERSION = YES;
				CLANG_WARN_INFINITE_RECURSION = YES;
				CLANG_WARN_INT_CONVERSION = YES;
				CLANG_WARN_NON_LITERAL_NULL_CONVERSION = YES;
				CLANG_WARN_OBJC_IMPLICIT_RETAIN_SELF = YES;
				CLANG_WARN_OBJC_LITERAL_CONVERSION = YES;
				CLANG_WARN_OBJC_ROOT_CLASS = YES_ERROR;
				CLANG_WARN_QUOTED_INCLUDE_IN_FRAMEWORK_HEADER = YES;
				CLANG_WARN_RANGE_LOOP_ANALYSIS = YES;
				CLANG_WARN_STRICT_PROTOTYPES = YES;
				CLANG_WARN_SUSPICIOUS_MOVE = YES;
				CLANG_WARN_UNGUARDED_AVAILABILITY = YES_AGGRESSIVE;
				CLANG_WARN_UNREACHABLE_CODE = YES;
				CLANG_WARN__DUPLICATE_METHOD_MATCH = YES;
				COPY_PHASE_STRIP = NO;
				DEBUG_INFORMATION_FORMAT = dwarf;
				ENABLE_STRICT_OBJC_MSGSEND = YES;
				ENABLE_TESTABILITY = YES;
				GCC_C_LANGUAGE_STANDARD = gnu11;
				GCC_DYNAMIC_NO_PIC = NO;
				GCC_NO_COMMON_BLOCKS = YES;
				GCC_OPTIMIZATION_LEVEL = 0;
				GCC_PREPROCESSOR_DEFINITIONS = (
					"DEBUG=1",
					"$(inherited)",
				);
				GCC_WARN_64_TO_32_BIT_CONVERSION = YES;
				GCC_WARN_ABOUT_RETURN_TYPE = YES_ERROR;
				GCC_WARN_UNDECLARED_SELECTOR = YES;
				GCC_WARN_UNINITIALIZED_AUTOS = YES_AGGRESSIVE;
				GCC_WARN_UNUSED_FUNCTION = YES;
				GCC_WARN_UNUSED_VARIABLE = YES;
				IPHONEOS_DEPLOYMENT_TARGET = 15.0;
				MTL_ENABLE_DEBUG_INFO = INCLUDE_SOURCE;
				MTL_FAST_MATH = YES;
				ONLY_ACTIVE_ARCH = YES;
				SDKROOT = iphoneos;
				SWIFT_ACTIVE_COMPILATION_CONDITIONS = DEBUG;
				SWIFT_OPTIMIZATION_LEVEL = "-Onone";
			};
			name = Debug;
		};
		C574FE95276886BD00ADD3B3 /* Release */ = {
			isa = XCBuildConfiguration;
			buildSettings = {
				ALWAYS_SEARCH_USER_PATHS = NO;
				CLANG_ANALYZER_NONNULL = YES;
				CLANG_ANALYZER_NUMBER_OBJECT_CONVERSION = YES_AGGRESSIVE;
				CLANG_CXX_LANGUAGE_STANDARD = "gnu++17";
				CLANG_CXX_LIBRARY = "libc++";
				CLANG_ENABLE_MODULES = YES;
				CLANG_ENABLE_OBJC_ARC = YES;
				CLANG_ENABLE_OBJC_WEAK = YES;
				CLANG_WARN_BLOCK_CAPTURE_AUTORELEASING = YES;
				CLANG_WARN_BOOL_CONVERSION = YES;
				CLANG_WARN_COMMA = YES;
				CLANG_WARN_CONSTANT_CONVERSION = YES;
				CLANG_WARN_DEPRECATED_OBJC_IMPLEMENTATIONS = YES;
				CLANG_WARN_DIRECT_OBJC_ISA_USAGE = YES_ERROR;
				CLANG_WARN_DOCUMENTATION_COMMENTS = YES;
				CLANG_WARN_EMPTY_BODY = YES;
				CLANG_WARN_ENUM_CONVERSION = YES;
				CLANG_WARN_INFINITE_RECURSION = YES;
				CLANG_WARN_INT_CONVERSION = YES;
				CLANG_WARN_NON_LITERAL_NULL_CONVERSION = YES;
				CLANG_WARN_OBJC_IMPLICIT_RETAIN_SELF = YES;
				CLANG_WARN_OBJC_LITERAL_CONVERSION = YES;
				CLANG_WARN_OBJC_ROOT_CLASS = YES_ERROR;
				CLANG_WARN_QUOTED_INCLUDE_IN_FRAMEWORK_HEADER = YES;
				CLANG_WARN_RANGE_LOOP_ANALYSIS = YES;
				CLANG_WARN_STRICT_PROTOTYPES = YES;
				CLANG_WARN_SUSPICIOUS_MOVE = YES;
				CLANG_WARN_UNGUARDED_AVAILABILITY = YES_AGGRESSIVE;
				CLANG_WARN_UNREACHABLE_CODE = YES;
				CLANG_WARN__DUPLICATE_METHOD_MATCH = YES;
				COPY_PHASE_STRIP = NO;
				DEBUG_INFORMATION_FORMAT = "dwarf-with-dsym";
				ENABLE_NS_ASSERTIONS = NO;
				ENABLE_STRICT_OBJC_MSGSEND = YES;
				GCC_C_LANGUAGE_STANDARD = gnu11;
				GCC_NO_COMMON_BLOCKS = YES;
				GCC_WARN_64_TO_32_BIT_CONVERSION = YES;
				GCC_WARN_ABOUT_RETURN_TYPE = YES_ERROR;
				GCC_WARN_UNDECLARED_SELECTOR = YES;
				GCC_WARN_UNINITIALIZED_AUTOS = YES_AGGRESSIVE;
				GCC_WARN_UNUSED_FUNCTION = YES;
				GCC_WARN_UNUSED_VARIABLE = YES;
				IPHONEOS_DEPLOYMENT_TARGET = 15.0;
				MTL_ENABLE_DEBUG_INFO = NO;
				MTL_FAST_MATH = YES;
				SDKROOT = iphoneos;
				SWIFT_COMPILATION_MODE = wholemodule;
				SWIFT_OPTIMIZATION_LEVEL = "-O";
				VALIDATE_PRODUCT = YES;
			};
			name = Release;
		};
		C574FE97276886BD00ADD3B3 /* Debug */ = {
			isa = XCBuildConfiguration;
			buildSettings = {
				ASSETCATALOG_COMPILER_APPICON_NAME = AppIcon;
				ASSETCATALOG_COMPILER_GLOBAL_ACCENT_COLOR_NAME = AccentColor;
				CODE_SIGN_STYLE = Automatic;
				CURRENT_PROJECT_VERSION = 1;
				DEVELOPMENT_ASSET_PATHS = "\"ScaleHero/Preview Content\"";
				DEVELOPMENT_TEAM = 3ZT6MXNBH9;
				ENABLE_PREVIEWS = YES;
				GENERATE_INFOPLIST_FILE = YES;
				INFOPLIST_FILE = ScaleHero/Info.plist;
				INFOPLIST_KEY_UIApplicationSceneManifest_Generation = YES;
				INFOPLIST_KEY_UIApplicationSupportsIndirectInputEvents = YES;
				INFOPLIST_KEY_UISupportedInterfaceOrientations = UIInterfaceOrientationPortrait;
				INFOPLIST_KEY_UISupportedInterfaceOrientations_iPad = "UIInterfaceOrientationPortrait UIInterfaceOrientationPortraitUpsideDown UIInterfaceOrientationLandscapeLeft UIInterfaceOrientationLandscapeRight";
				INFOPLIST_KEY_UISupportedInterfaceOrientations_iPhone = "UIInterfaceOrientationPortrait UIInterfaceOrientationLandscapeLeft UIInterfaceOrientationLandscapeRight";
				LD_RUNPATH_SEARCH_PATHS = (
					"$(inherited)",
					"@executable_path/Frameworks",
				);
				MARKETING_VERSION = 1.0;
				PRODUCT_BUNDLE_IDENTIFIER = "Jesse-Graf.ScaleHero";
				PRODUCT_NAME = "$(TARGET_NAME)";
				SWIFT_EMIT_LOC_STRINGS = YES;
				SWIFT_VERSION = 5.0;
				TARGETED_DEVICE_FAMILY = "1,2";
			};
			name = Debug;
		};
		C574FE98276886BD00ADD3B3 /* Release */ = {
			isa = XCBuildConfiguration;
			buildSettings = {
				ASSETCATALOG_COMPILER_APPICON_NAME = AppIcon;
				ASSETCATALOG_COMPILER_GLOBAL_ACCENT_COLOR_NAME = AccentColor;
				CODE_SIGN_STYLE = Automatic;
				CURRENT_PROJECT_VERSION = 1;
				DEVELOPMENT_ASSET_PATHS = "\"ScaleHero/Preview Content\"";
				DEVELOPMENT_TEAM = 3ZT6MXNBH9;
				ENABLE_PREVIEWS = YES;
				GENERATE_INFOPLIST_FILE = YES;
				INFOPLIST_FILE = ScaleHero/Info.plist;
				INFOPLIST_KEY_UIApplicationSceneManifest_Generation = YES;
				INFOPLIST_KEY_UIApplicationSupportsIndirectInputEvents = YES;
				INFOPLIST_KEY_UISupportedInterfaceOrientations = UIInterfaceOrientationPortrait;
				INFOPLIST_KEY_UISupportedInterfaceOrientations_iPad = "UIInterfaceOrientationPortrait UIInterfaceOrientationPortraitUpsideDown UIInterfaceOrientationLandscapeLeft UIInterfaceOrientationLandscapeRight";
				INFOPLIST_KEY_UISupportedInterfaceOrientations_iPhone = "UIInterfaceOrientationPortrait UIInterfaceOrientationLandscapeLeft UIInterfaceOrientationLandscapeRight";
				LD_RUNPATH_SEARCH_PATHS = (
					"$(inherited)",
					"@executable_path/Frameworks",
				);
				MARKETING_VERSION = 1.0;
				PRODUCT_BUNDLE_IDENTIFIER = "Jesse-Graf.ScaleHero";
				PRODUCT_NAME = "$(TARGET_NAME)";
				SWIFT_EMIT_LOC_STRINGS = YES;
				SWIFT_VERSION = 5.0;
				TARGETED_DEVICE_FAMILY = "1,2";
			};
			name = Release;
		};
		C574FE9A276886BD00ADD3B3 /* Debug */ = {
			isa = XCBuildConfiguration;
			buildSettings = {
				ALWAYS_EMBED_SWIFT_STANDARD_LIBRARIES = YES;
				BUNDLE_LOADER = "$(TEST_HOST)";
				CODE_SIGN_STYLE = Automatic;
				CURRENT_PROJECT_VERSION = 1;
				DEVELOPMENT_TEAM = 3ZT6MXNBH9;
				GENERATE_INFOPLIST_FILE = YES;
				IPHONEOS_DEPLOYMENT_TARGET = 15.0;
				LD_RUNPATH_SEARCH_PATHS = (
					"$(inherited)",
					"@executable_path/Frameworks",
					"@loader_path/Frameworks",
				);
				MARKETING_VERSION = 1.0;
				PRODUCT_BUNDLE_IDENTIFIER = "Jesse-Graf.ScaleHeroTests";
				PRODUCT_NAME = "$(TARGET_NAME)";
				SWIFT_EMIT_LOC_STRINGS = NO;
				SWIFT_VERSION = 5.0;
				TARGETED_DEVICE_FAMILY = "1,2";
				TEST_HOST = "$(BUILT_PRODUCTS_DIR)/ScaleHero.app/ScaleHero";
			};
			name = Debug;
		};
		C574FE9B276886BD00ADD3B3 /* Release */ = {
			isa = XCBuildConfiguration;
			buildSettings = {
				ALWAYS_EMBED_SWIFT_STANDARD_LIBRARIES = YES;
				BUNDLE_LOADER = "$(TEST_HOST)";
				CODE_SIGN_STYLE = Automatic;
				CURRENT_PROJECT_VERSION = 1;
				DEVELOPMENT_TEAM = 3ZT6MXNBH9;
				GENERATE_INFOPLIST_FILE = YES;
				IPHONEOS_DEPLOYMENT_TARGET = 15.0;
				LD_RUNPATH_SEARCH_PATHS = (
					"$(inherited)",
					"@executable_path/Frameworks",
					"@loader_path/Frameworks",
				);
				MARKETING_VERSION = 1.0;
				PRODUCT_BUNDLE_IDENTIFIER = "Jesse-Graf.ScaleHeroTests";
				PRODUCT_NAME = "$(TARGET_NAME)";
				SWIFT_EMIT_LOC_STRINGS = NO;
				SWIFT_VERSION = 5.0;
				TARGETED_DEVICE_FAMILY = "1,2";
				TEST_HOST = "$(BUILT_PRODUCTS_DIR)/ScaleHero.app/ScaleHero";
			};
			name = Release;
		};
		C574FE9D276886BD00ADD3B3 /* Debug */ = {
			isa = XCBuildConfiguration;
			buildSettings = {
				ALWAYS_EMBED_SWIFT_STANDARD_LIBRARIES = YES;
				CODE_SIGN_STYLE = Automatic;
				CURRENT_PROJECT_VERSION = 1;
				DEVELOPMENT_TEAM = 3ZT6MXNBH9;
				GENERATE_INFOPLIST_FILE = YES;
				LD_RUNPATH_SEARCH_PATHS = (
					"$(inherited)",
					"@executable_path/Frameworks",
					"@loader_path/Frameworks",
				);
				MARKETING_VERSION = 1.0;
				PRODUCT_BUNDLE_IDENTIFIER = "Jesse-Graf.ScaleHeroUITests";
				PRODUCT_NAME = "$(TARGET_NAME)";
				SWIFT_EMIT_LOC_STRINGS = NO;
				SWIFT_VERSION = 5.0;
				TARGETED_DEVICE_FAMILY = "1,2";
				TEST_TARGET_NAME = ScaleHero;
			};
			name = Debug;
		};
		C574FE9E276886BD00ADD3B3 /* Release */ = {
			isa = XCBuildConfiguration;
			buildSettings = {
				ALWAYS_EMBED_SWIFT_STANDARD_LIBRARIES = YES;
				CODE_SIGN_STYLE = Automatic;
				CURRENT_PROJECT_VERSION = 1;
				DEVELOPMENT_TEAM = 3ZT6MXNBH9;
				GENERATE_INFOPLIST_FILE = YES;
				LD_RUNPATH_SEARCH_PATHS = (
					"$(inherited)",
					"@executable_path/Frameworks",
					"@loader_path/Frameworks",
				);
				MARKETING_VERSION = 1.0;
				PRODUCT_BUNDLE_IDENTIFIER = "Jesse-Graf.ScaleHeroUITests";
				PRODUCT_NAME = "$(TARGET_NAME)";
				SWIFT_EMIT_LOC_STRINGS = NO;
				SWIFT_VERSION = 5.0;
				TARGETED_DEVICE_FAMILY = "1,2";
				TEST_TARGET_NAME = ScaleHero;
			};
			name = Release;
		};
/* End XCBuildConfiguration section */

/* Begin XCConfigurationList section */
		C574FE6D276886B700ADD3B3 /* Build configuration list for PBXProject "ScaleHero" */ = {
			isa = XCConfigurationList;
			buildConfigurations = (
				C574FE94276886BD00ADD3B3 /* Debug */,
				C574FE95276886BD00ADD3B3 /* Release */,
			);
			defaultConfigurationIsVisible = 0;
			defaultConfigurationName = Release;
		};
		C574FE96276886BD00ADD3B3 /* Build configuration list for PBXNativeTarget "ScaleHero" */ = {
			isa = XCConfigurationList;
			buildConfigurations = (
				C574FE97276886BD00ADD3B3 /* Debug */,
				C574FE98276886BD00ADD3B3 /* Release */,
			);
			defaultConfigurationIsVisible = 0;
			defaultConfigurationName = Release;
		};
		C574FE99276886BD00ADD3B3 /* Build configuration list for PBXNativeTarget "ScaleHeroTests" */ = {
			isa = XCConfigurationList;
			buildConfigurations = (
				C574FE9A276886BD00ADD3B3 /* Debug */,
				C574FE9B276886BD00ADD3B3 /* Release */,
			);
			defaultConfigurationIsVisible = 0;
			defaultConfigurationName = Release;
		};
		C574FE9C276886BD00ADD3B3 /* Build configuration list for PBXNativeTarget "ScaleHeroUITests" */ = {
			isa = XCConfigurationList;
			buildConfigurations = (
				C574FE9D276886BD00ADD3B3 /* Debug */,
				C574FE9E276886BD00ADD3B3 /* Release */,
			);
			defaultConfigurationIsVisible = 0;
			defaultConfigurationName = Release;
		};
/* End XCConfigurationList section */

/* Begin XCRemoteSwiftPackageReference section */
		C574FEA12769C00C00ADD3B3 /* XCRemoteSwiftPackageReference "SwiftySound" */ = {
			isa = XCRemoteSwiftPackageReference;
			repositoryURL = "https://github.com/adamcichy/SwiftySound.git";
			requirement = {
				branch = master;
				kind = branch;
			};
		};
/* End XCRemoteSwiftPackageReference section */

/* Begin XCSwiftPackageProductDependency section */
		C574FEA22769C00C00ADD3B3 /* SwiftySound */ = {
			isa = XCSwiftPackageProductDependency;
			package = C574FEA12769C00C00ADD3B3 /* XCRemoteSwiftPackageReference "SwiftySound" */;
			productName = SwiftySound;
		};
/* End XCSwiftPackageProductDependency section */
	};
	rootObject = C574FE6A276886B700ADD3B3 /* Project object */;
}
